
Microsoft Visual Studio Solution File, Format Version 12.00
# Visual Studio Version 17
VisualStudioVersion = 17.3.32825.248
MinimumVisualStudioVersion = 10.0.40219.1
Project("{FAE04EC0-301F-11D3-BF4B-00C04F79EFBC}") = "zsat", "zsat\zsat.csproj", "{05D86F68-5832-416B-BC42-A07C1EE982C2}"
EndProject
Global
	GlobalSection(SolutionConfigurationPlatforms) = preSolution
		Debug|Any CPU = Debug|Any CPU
		Release|Any CPU = Release|Any CPU
	EndGlobalSection
	GlobalSection(ProjectConfigurationPlatforms) = postSolution
		{05D86F68-5832-416B-BC42-A07C1EE982C2}.Debug|Any CPU.ActiveCfg = Debug|Any CPU
		{05D86F68-5832-416B-BC42-A07C1EE982C2}.Debug|Any CPU.Build.0 = Debug|Any CPU
		{05D86F68-5832-416B-BC42-A07C1EE982C2}.Release|Any CPU.ActiveCfg = Release|Any CPU
		{05D86F68-5832-416B-BC42-A07C1EE982C2}.Release|Any CPU.Build.0 = Release|Any CPU
	EndGlobalSection
	GlobalSection(SolutionProperties) = preSolution
		HideSolutionNode = FALSE
	EndGlobalSection
	GlobalSection(ExtensibilityGlobals) = postSolution
		SolutionGuid = {84AC63A0-56E3-4500-95F7-52D84180E706}
	EndGlobalSection
EndGlobal
